// !$*UTF8*$!
{
	archiveVersion = 1;
	classes = {
	};
	objectVersion = 56;
	objects = {

/* Begin PBXBuildFile section */
		046DBF332C4AEA670041B0C4 /* AppDelegate.swift in Sources */ = {isa = PBXBuildFile; fileRef = 046DBF322C4AEA670041B0C4 /* AppDelegate.swift */; };
		046DBF352C4AEA670041B0C4 /* SceneDelegate.swift in Sources */ = {isa = PBXBuildFile; fileRef = 046DBF342C4AEA670041B0C4 /* SceneDelegate.swift */; };
		046DBF372C4AEA670041B0C4 /* ViewController.swift in Sources */ = {isa = PBXBuildFile; fileRef = 046DBF362C4AEA670041B0C4 /* ViewController.swift */; };
		046DBF3A2C4AEA670041B0C4 /* Base in Resources */ = {isa = PBXBuildFile; fileRef = 046DBF392C4AEA670041B0C4 /* Base */; };
		046DBF3D2C4AEA670041B0C4 /* Chat.xcdatamodeld in Sources */ = {isa = PBXBuildFile; fileRef = 046DBF3B2C4AEA670041B0C4 /* Chat.xcdatamodeld */; };
		046DBF3F2C4AEA690041B0C4 /* Assets.xcassets in Resources */ = {isa = PBXBuildFile; fileRef = 046DBF3E2C4AEA690041B0C4 /* Assets.xcassets */; };
		046DBF422C4AEA690041B0C4 /* Base in Resources */ = {isa = PBXBuildFile; fileRef = 046DBF412C4AEA690041B0C4 /* Base */; };
		046DBF4D2C4AEA6A0041B0C4 /* ChatTests.swift in Sources */ = {isa = PBXBuildFile; fileRef = 046DBF4C2C4AEA6A0041B0C4 /* ChatTests.swift */; };
		046DBF572C4AEA6A0041B0C4 /* ChatUITests.swift in Sources */ = {isa = PBXBuildFile; fileRef = 046DBF562C4AEA6A0041B0C4 /* ChatUITests.swift */; };
		046DBF592C4AEA6A0041B0C4 /* ChatUITestsLaunchTests.swift in Sources */ = {isa = PBXBuildFile; fileRef = 046DBF582C4AEA6A0041B0C4 /* ChatUITestsLaunchTests.swift */; };
/* End PBXBuildFile section */

/* Begin PBXContainerItemProxy section */
		046DBF492C4AEA6A0041B0C4 /* PBXContainerItemProxy */ = {
			isa = PBXContainerItemProxy;
			containerPortal = 046DBF272C4AEA670041B0C4 /* Project object */;
			proxyType = 1;
			remoteGlobalIDString = 046DBF2E2C4AEA670041B0C4;
			remoteInfo = Chat;
		};
		046DBF532C4AEA6A0041B0C4 /* PBXContainerItemProxy */ = {
			isa = PBXContainerItemProxy;
			containerPortal = 046DBF272C4AEA670041B0C4 /* Project object */;
			proxyType = 1;
			remoteGlobalIDString = 046DBF2E2C4AEA670041B0C4;
			remoteInfo = Chat;
		};
/* End PBXContainerItemProxy section */

/* Begin PBXFileReference section */
		046DBF2F2C4AEA670041B0C4 /* Chat.app */ = {isa = PBXFileReference; explicitFileType = wrapper.application; includeInIndex = 0; path = Chat.app; sourceTree = BUILT_PRODUCTS_DIR; };
		046DBF322C4AEA670041B0C4 /* AppDelegate.swift */ = {isa = PBXFileReference; lastKnownFileType = sourcecode.swift; path = AppDelegate.swift; sourceTree = "<group>"; };
		046DBF342C4AEA670041B0C4 /* SceneDelegate.swift */ = {isa = PBXFileReference; lastKnownFileType = sourcecode.swift; path = SceneDelegate.swift; sourceTree = "<group>"; };
		046DBF362C4AEA670041B0C4 /* ViewController.swift */ = {isa = PBXFileReference; lastKnownFileType = sourcecode.swift; path = ViewController.swift; sourceTree = "<group>"; };
		046DBF392C4AEA670041B0C4 /* Base */ = {isa = PBXFileReference; lastKnownFileType = file.storyboard; name = Base; path = Base.lproj/Main.storyboard; sourceTree = "<group>"; };
		046DBF3C2C4AEA670041B0C4 /* Chat.xcdatamodel */ = {isa = PBXFileReference; lastKnownFileType = wrapper.xcdatamodel; path = Chat.xcdatamodel; sourceTree = "<group>"; };
		046DBF3E2C4AEA690041B0C4 /* Assets.xcassets */ = {isa = PBXFileReference; lastKnownFileType = folder.assetcatalog; path = Assets.xcassets; sourceTree = "<group>"; };
		046DBF412C4AEA690041B0C4 /* Base */ = {isa = PBXFileReference; lastKnownFileType = file.storyboard; name = Base; path = Base.lproj/LaunchScreen.storyboard; sourceTree = "<group>"; };
		046DBF432C4AEA690041B0C4 /* Info.plist */ = {isa = PBXFileReference; lastKnownFileType = text.plist.xml; path = Info.plist; sourceTree = "<group>"; };
		046DBF482C4AEA6A0041B0C4 /* ChatTests.xctest */ = {isa = PBXFileReference; explicitFileType = wrapper.cfbundle; includeInIndex = 0; path = ChatTests.xctest; sourceTree = BUILT_PRODUCTS_DIR; };
		046DBF4C2C4AEA6A0041B0C4 /* ChatTests.swift */ = {isa = PBXFileReference; lastKnownFileType = sourcecode.swift; path = ChatTests.swift; sourceTree = "<group>"; };
		046DBF522C4AEA6A0041B0C4 /* ChatUITests.xctest */ = {isa = PBXFileReference; explicitFileType = wrapper.cfbundle; includeInIndex = 0; path = ChatUITests.xctest; sourceTree = BUILT_PRODUCTS_DIR; };
		046DBF562C4AEA6A0041B0C4 /* ChatUITests.swift */ = {isa = PBXFileReference; lastKnownFileType = sourcecode.swift; path = ChatUITests.swift; sourceTree = "<group>"; };
		046DBF582C4AEA6A0041B0C4 /* ChatUITestsLaunchTests.swift */ = {isa = PBXFileReference; lastKnownFileType = sourcecode.swift; path = ChatUITestsLaunchTests.swift; sourceTree = "<group>"; };
/* End PBXFileReference section */

/* Begin PBXFrameworksBuildPhase section */
		046DBF2C2C4AEA670041B0C4 /* Frameworks */ = {
			isa = PBXFrameworksBuildPhase;
			buildActionMask = 2147483647;
			files = (
			);
			runOnlyForDeploymentPostprocessing = 0;
		};
		046DBF452C4AEA6A0041B0C4 /* Frameworks */ = {
			isa = PBXFrameworksBuildPhase;
			buildActionMask = 2147483647;
			files = (
			);
			runOnlyForDeploymentPostprocessing = 0;
		};
		046DBF4F2C4AEA6A0041B0C4 /* Frameworks */ = {
			isa = PBXFrameworksBuildPhase;
			buildActionMask = 2147483647;
			files = (
			);
			runOnlyForDeploymentPostprocessing = 0;
		};
/* End PBXFrameworksBuildPhase section */

/* Begin PBXGroup section */
		046DBF262C4AEA670041B0C4 = {
			isa = PBXGroup;
			children = (
				046DBF312C4AEA670041B0C4 /* Chat */,
				046DBF4B2C4AEA6A0041B0C4 /* ChatTests */,
				046DBF552C4AEA6A0041B0C4 /* ChatUITests */,
				046DBF302C4AEA670041B0C4 /* Products */,
			);
			sourceTree = "<group>";
		};
		046DBF302C4AEA670041B0C4 /* Products */ = {
			isa = PBXGroup;
			children = (
				046DBF2F2C4AEA670041B0C4 /* Chat.app */,
				046DBF482C4AEA6A0041B0C4 /* ChatTests.xctest */,
				046DBF522C4AEA6A0041B0C4 /* ChatUITests.xctest */,
			);
			name = Products;
			sourceTree = "<group>";
		};
		046DBF312C4AEA670041B0C4 /* Chat */ = {
			isa = PBXGroup;
			children = (
				046DBF322C4AEA670041B0C4 /* AppDelegate.swift */,
				046DBF342C4AEA670041B0C4 /* SceneDelegate.swift */,
				046DBF362C4AEA670041B0C4 /* ViewController.swift */,
				046DBF382C4AEA670041B0C4 /* Main.storyboard */,
				046DBF3E2C4AEA690041B0C4 /* Assets.xcassets */,
				046DBF402C4AEA690041B0C4 /* LaunchScreen.storyboard */,
				046DBF432C4AEA690041B0C4 /* Info.plist */,
				046DBF3B2C4AEA670041B0C4 /* Chat.xcdatamodeld */,
			);
			path = Chat;
			sourceTree = "<group>";
		};
		046DBF4B2C4AEA6A0041B0C4 /* ChatTests */ = {
			isa = PBXGroup;
			children = (
				046DBF4C2C4AEA6A0041B0C4 /* ChatTests.swift */,
			);
			path = ChatTests;
			sourceTree = "<group>";
		};
		046DBF552C4AEA6A0041B0C4 /* ChatUITests */ = {
			isa = PBXGroup;
			children = (
				046DBF562C4AEA6A0041B0C4 /* ChatUITests.swift */,
				046DBF582C4AEA6A0041B0C4 /* ChatUITestsLaunchTests.swift */,
			);
			path = ChatUITests;
			sourceTree = "<group>";
		};
/* End PBXGroup section */

/* Begin PBXNativeTarget section */
		046DBF2E2C4AEA670041B0C4 /* Chat */ = {
			isa = PBXNativeTarget;
			buildConfigurationList = 046DBF5C2C4AEA6A0041B0C4 /* Build configuration list for PBXNativeTarget "Chat" */;
			buildPhases = (
				046DBF2B2C4AEA670041B0C4 /* Sources */,
				046DBF2C2C4AEA670041B0C4 /* Frameworks */,
				046DBF2D2C4AEA670041B0C4 /* Resources */,
			);
			buildRules = (
			);
			dependencies = (
			);
			name = Chat;
			productName = Chat;
			productReference = 046DBF2F2C4AEA670041B0C4 /* Chat.app */;
			productType = "com.apple.product-type.application";
		};
		046DBF472C4AEA6A0041B0C4 /* ChatTests */ = {
			isa = PBXNativeTarget;
			buildConfigurationList = 046DBF5F2C4AEA6A0041B0C4 /* Build configuration list for PBXNativeTarget "ChatTests" */;
			buildPhases = (
				046DBF442C4AEA6A0041B0C4 /* Sources */,
				046DBF452C4AEA6A0041B0C4 /* Frameworks */,
				046DBF462C4AEA6A0041B0C4 /* Resources */,
			);
			buildRules = (
			);
			dependencies = (
				046DBF4A2C4AEA6A0041B0C4 /* PBXTargetDependency */,
			);
			name = ChatTests;
			productName = ChatTests;
			productReference = 046DBF482C4AEA6A0041B0C4 /* ChatTests.xctest */;
			productType = "com.apple.product-type.bundle.unit-test";
		};
		046DBF512C4AEA6A0041B0C4 /* ChatUITests */ = {
			isa = PBXNativeTarget;
			buildConfigurationList = 046DBF622C4AEA6A0041B0C4 /* Build configuration list for PBXNativeTarget "ChatUITests" */;
			buildPhases = (
				046DBF4E2C4AEA6A0041B0C4 /* Sources */,
				046DBF4F2C4AEA6A0041B0C4 /* Frameworks */,
				046DBF502C4AEA6A0041B0C4 /* Resources */,
			);
			buildRules = (
			);
			dependencies = (
				046DBF542C4AEA6A0041B0C4 /* PBXTargetDependency */,
			);
			name = ChatUITests;
			productName = ChatUITests;
			productReference = 046DBF522C4AEA6A0041B0C4 /* ChatUITests.xctest */;
			productType = "com.apple.product-type.bundle.ui-testing";
		};
/* End PBXNativeTarget section */

/* Begin PBXProject section */
		046DBF272C4AEA670041B0C4 /* Project object */ = {
			isa = PBXProject;
			attributes = {
				BuildIndependentTargetsInParallel = 1;
				LastSwiftUpdateCheck = 1530;
				LastUpgradeCheck = 1530;
				TargetAttributes = {
					046DBF2E2C4AEA670041B0C4 = {
						CreatedOnToolsVersion = 15.3;
					};
					046DBF472C4AEA6A0041B0C4 = {
						CreatedOnToolsVersion = 15.3;
						TestTargetID = 046DBF2E2C4AEA670041B0C4;
					};
					046DBF512C4AEA6A0041B0C4 = {
						CreatedOnToolsVersion = 15.3;
						TestTargetID = 046DBF2E2C4AEA670041B0C4;
					};
				};
			};
			buildConfigurationList = 046DBF2A2C4AEA670041B0C4 /* Build configuration list for PBXProject "Chat" */;
			compatibilityVersion = "Xcode 14.0";
			developmentRegion = en;
			hasScannedForEncodings = 0;
			knownRegions = (
				en,
				Base,
			);
			mainGroup = 046DBF262C4AEA670041B0C4;
			productRefGroup = 046DBF302C4AEA670041B0C4 /* Products */;
			projectDirPath = "";
			projectRoot = "";
			targets = (
				046DBF2E2C4AEA670041B0C4 /* Chat */,
				046DBF472C4AEA6A0041B0C4 /* ChatTests */,
				046DBF512C4AEA6A0041B0C4 /* ChatUITests */,
			);
		};
/* End PBXProject section */

/* Begin PBXResourcesBuildPhase section */
		046DBF2D2C4AEA670041B0C4 /* Resources */ = {
			isa = PBXResourcesBuildPhase;
			buildActionMask = 2147483647;
			files = (
				046DBF3F2C4AEA690041B0C4 /* Assets.xcassets in Resources */,
				046DBF422C4AEA690041B0C4 /* Base in Resources */,
				046DBF3A2C4AEA670041B0C4 /* Base in Resources */,
			);
			runOnlyForDeploymentPostprocessing = 0;
		};
		046DBF462C4AEA6A0041B0C4 /* Resources */ = {
			isa = PBXResourcesBuildPhase;
			buildActionMask = 2147483647;
			files = (
			);
			runOnlyForDeploymentPostprocessing = 0;
		};
		046DBF502C4AEA6A0041B0C4 /* Resources */ = {
			isa = PBXResourcesBuildPhase;
			buildActionMask = 2147483647;
			files = (
			);
			runOnlyForDeploymentPostprocessing = 0;
		};
/* End PBXResourcesBuildPhase section */

/* Begin PBXSourcesBuildPhase section */
		046DBF2B2C4AEA670041B0C4 /* Sources */ = {
			isa = PBXSourcesBuildPhase;
			buildActionMask = 2147483647;
			files = (
				046DBF372C4AEA670041B0C4 /* ViewController.swift in Sources */,
				046DBF3D2C4AEA670041B0C4 /* Chat.xcdatamodeld in Sources */,
				046DBF332C4AEA670041B0C4 /* AppDelegate.swift in Sources */,
				046DBF352C4AEA670041B0C4 /* SceneDelegate.swift in Sources */,
			);
			runOnlyForDeploymentPostprocessing = 0;
		};
		046DBF442C4AEA6A0041B0C4 /* Sources */ = {
			isa = PBXSourcesBuildPhase;
			buildActionMask = 2147483647;
			files = (
				046DBF4D2C4AEA6A0041B0C4 /* ChatTests.swift in Sources */,
			);
			runOnlyForDeploymentPostprocessing = 0;
		};
		046DBF4E2C4AEA6A0041B0C4 /* Sources */ = {
			isa = PBXSourcesBuildPhase;
			buildActionMask = 2147483647;
			files = (
				046DBF592C4AEA6A0041B0C4 /* ChatUITestsLaunchTests.swift in Sources */,
				046DBF572C4AEA6A0041B0C4 /* ChatUITests.swift in Sources */,
			);
			runOnlyForDeploymentPostprocessing = 0;
		};
/* End PBXSourcesBuildPhase section */

/* Begin PBXTargetDependency section */
		046DBF4A2C4AEA6A0041B0C4 /* PBXTargetDependency */ = {
			isa = PBXTargetDependency;
			target = 046DBF2E2C4AEA670041B0C4 /* Chat */;
			targetProxy = 046DBF492C4AEA6A0041B0C4 /* PBXContainerItemProxy */;
		};
		046DBF542C4AEA6A0041B0C4 /* PBXTargetDependency */ = {
			isa = PBXTargetDependency;
			target = 046DBF2E2C4AEA670041B0C4 /* Chat */;
			targetProxy = 046DBF532C4AEA6A0041B0C4 /* PBXContainerItemProxy */;
		};
/* End PBXTargetDependency section */

/* Begin PBXVariantGroup section */
		046DBF382C4AEA670041B0C4 /* Main.storyboard */ = {
			isa = PBXVariantGroup;
			children = (
				046DBF392C4AEA670041B0C4 /* Base */,
			);
			name = Main.storyboard;
			sourceTree = "<group>";
		};
		046DBF402C4AEA690041B0C4 /* LaunchScreen.storyboard */ = {
			isa = PBXVariantGroup;
			children = (
				046DBF412C4AEA690041B0C4 /* Base */,
			);
			name = LaunchScreen.storyboard;
			sourceTree = "<group>";
		};
/* End PBXVariantGroup section */

/* Begin XCBuildConfiguration section */
		046DBF5A2C4AEA6A0041B0C4 /* Debug */ = {
			isa = XCBuildConfiguration;
			buildSettings = {
				ALWAYS_SEARCH_USER_PATHS = NO;
				ASSETCATALOG_COMPILER_GENERATE_SWIFT_ASSET_SYMBOL_EXTENSIONS = YES;
				CLANG_ANALYZER_NONNULL = YES;
				CLANG_ANALYZER_NUMBER_OBJECT_CONVERSION = YES_AGGRESSIVE;
				CLANG_CXX_LANGUAGE_STANDARD = "gnu++20";
				CLANG_ENABLE_MODULES = YES;
				CLANG_ENABLE_OBJC_ARC = YES;
				CLANG_ENABLE_OBJC_WEAK = YES;
				CLANG_WARN_BLOCK_CAPTURE_AUTORELEASING = YES;
				CLANG_WARN_BOOL_CONVERSION = YES;
				CLANG_WARN_COMMA = YES;
				CLANG_WARN_CONSTANT_CONVERSION = YES;
				CLANG_WARN_DEPRECATED_OBJC_IMPLEMENTATIONS = YES;
				CLANG_WARN_DIRECT_OBJC_ISA_USAGE = YES_ERROR;
				CLANG_WARN_DOCUMENTATION_COMMENTS = YES;
				CLANG_WARN_EMPTY_BODY = YES;
				CLANG_WARN_ENUM_CONVERSION = YES;
				CLANG_WARN_INFINITE_RECURSION = YES;
				CLANG_WARN_INT_CONVERSION = YES;
				CLANG_WARN_NON_LITERAL_NULL_CONVERSION = YES;
				CLANG_WARN_OBJC_IMPLICIT_RETAIN_SELF = YES;
				CLANG_WARN_OBJC_LITERAL_CONVERSION = YES;
				CLANG_WARN_OBJC_ROOT_CLASS = YES_ERROR;
				CLANG_WARN_QUOTED_INCLUDE_IN_FRAMEWORK_HEADER = YES;
				CLANG_WARN_RANGE_LOOP_ANALYSIS = YES;
				CLANG_WARN_STRICT_PROTOTYPES = YES;
				CLANG_WARN_SUSPICIOUS_MOVE = YES;
				CLANG_WARN_UNGUARDED_AVAILABILITY = YES_AGGRESSIVE;
				CLANG_WARN_UNREACHABLE_CODE = YES;
				CLANG_WARN__DUPLICATE_METHOD_MATCH = YES;
				COPY_PHASE_STRIP = NO;
				DEBUG_INFORMATION_FORMAT = dwarf;
				ENABLE_STRICT_OBJC_MSGSEND = YES;
				ENABLE_TESTABILITY = YES;
				ENABLE_USER_SCRIPT_SANDBOXING = YES;
				GCC_C_LANGUAGE_STANDARD = gnu17;
				GCC_DYNAMIC_NO_PIC = NO;
				GCC_NO_COMMON_BLOCKS = YES;
				GCC_OPTIMIZATION_LEVEL = 0;
				GCC_PREPROCESSOR_DEFINITIONS = (
					"DEBUG=1",
					"$(inherited)",
				);
				GCC_WARN_64_TO_32_BIT_CONVERSION = YES;
				GCC_WARN_ABOUT_RETURN_TYPE = YES_ERROR;
				GCC_WARN_UNDECLARED_SELECTOR = YES;
				GCC_WARN_UNINITIALIZED_AUTOS = YES_AGGRESSIVE;
				GCC_WARN_UNUSED_FUNCTION = YES;
				GCC_WARN_UNUSED_VARIABLE = YES;
				IPHONEOS_DEPLOYMENT_TARGET = 17.4;
				LOCALIZATION_PREFERS_STRING_CATALOGS = YES;
				MTL_ENABLE_DEBUG_INFO = INCLUDE_SOURCE;
				MTL_FAST_MATH = YES;
				ONLY_ACTIVE_ARCH = YES;
				SDKROOT = iphoneos;
				SWIFT_ACTIVE_COMPILATION_CONDITIONS = "DEBUG $(inherited)";
				SWIFT_OPTIMIZATION_LEVEL = "-Onone";
			};
			name = Debug;
		};
		046DBF5B2C4AEA6A0041B0C4 /* Release */ = {
			isa = XCBuildConfiguration;
			buildSettings = {
				ALWAYS_SEARCH_USER_PATHS = NO;
				ASSETCATALOG_COMPILER_GENERATE_SWIFT_ASSET_SYMBOL_EXTENSIONS = YES;
				CLANG_ANALYZER_NONNULL = YES;
				CLANG_ANALYZER_NUMBER_OBJECT_CONVERSION = YES_AGGRESSIVE;
				CLANG_CXX_LANGUAGE_STANDARD = "gnu++20";
				CLANG_ENABLE_MODULES = YES;
				CLANG_ENABLE_OBJC_ARC = YES;
				CLANG_ENABLE_OBJC_WEAK = YES;
				CLANG_WARN_BLOCK_CAPTURE_AUTORELEASING = YES;
				CLANG_WARN_BOOL_CONVERSION = YES;
				CLANG_WARN_COMMA = YES;
				CLANG_WARN_CONSTANT_CONVERSION = YES;
				CLANG_WARN_DEPRECATED_OBJC_IMPLEMENTATIONS = YES;
				CLANG_WARN_DIRECT_OBJC_ISA_USAGE = YES_ERROR;
				CLANG_WARN_DOCUMENTATION_COMMENTS = YES;
				CLANG_WARN_EMPTY_BODY = YES;
				CLANG_WARN_ENUM_CONVERSION = YES;
				CLANG_WARN_INFINITE_RECURSION = YES;
				CLANG_WARN_INT_CONVERSION = YES;
				CLANG_WARN_NON_LITERAL_NULL_CONVERSION = YES;
				CLANG_WARN_OBJC_IMPLICIT_RETAIN_SELF = YES;
				CLANG_WARN_OBJC_LITERAL_CONVERSION = YES;
				CLANG_WARN_OBJC_ROOT_CLASS = YES_ERROR;
				CLANG_WARN_QUOTED_INCLUDE_IN_FRAMEWORK_HEADER = YES;
				CLANG_WARN_RANGE_LOOP_ANALYSIS = YES;
				CLANG_WARN_STRICT_PROTOTYPES = YES;
				CLANG_WARN_SUSPICIOUS_MOVE = YES;
				CLANG_WARN_UNGUARDED_AVAILABILITY = YES_AGGRESSIVE;
				CLANG_WARN_UNREACHABLE_CODE = YES;
				CLANG_WARN__DUPLICATE_METHOD_MATCH = YES;
				COPY_PHASE_STRIP = NO;
				DEBUG_INFORMATION_FORMAT = "dwarf-with-dsym";
				ENABLE_NS_ASSERTIONS = NO;
				ENABLE_STRICT_OBJC_MSGSEND = YES;
				ENABLE_USER_SCRIPT_SANDBOXING = YES;
				GCC_C_LANGUAGE_STANDARD = gnu17;
				GCC_NO_COMMON_BLOCKS = YES;
				GCC_WARN_64_TO_32_BIT_CONVERSION = YES;
				GCC_WARN_ABOUT_RETURN_TYPE = YES_ERROR;
				GCC_WARN_UNDECLARED_SELECTOR = YES;
				GCC_WARN_UNINITIALIZED_AUTOS = YES_AGGRESSIVE;
				GCC_WARN_UNUSED_FUNCTION = YES;
				GCC_WARN_UNUSED_VARIABLE = YES;
				IPHONEOS_DEPLOYMENT_TARGET = 17.4;
				LOCALIZATION_PREFERS_STRING_CATALOGS = YES;
				MTL_ENABLE_DEBUG_INFO = NO;
				MTL_FAST_MATH = YES;
				SDKROOT = iphoneos;
				SWIFT_COMPILATION_MODE = wholemodule;
				VALIDATE_PRODUCT = YES;
			};
			name = Release;
		};
		046DBF5D2C4AEA6A0041B0C4 /* Debug */ = {
			isa = XCBuildConfiguration;
			buildSettings = {
				ASSETCATALOG_COMPILER_APPICON_NAME = AppIcon;
				ASSETCATALOG_COMPILER_GLOBAL_ACCENT_COLOR_NAME = AccentColor;
				CODE_SIGN_STYLE = Automatic;
				CURRENT_PROJECT_VERSION = 1;
				GENERATE_INFOPLIST_FILE = YES;
				INFOPLIST_FILE = Chat/Info.plist;
				INFOPLIST_KEY_UIApplicationSupportsIndirectInputEvents = YES;
				INFOPLIST_KEY_UILaunchStoryboardName = LaunchScreen;
				INFOPLIST_KEY_UIMainStoryboardFile = Main;
				INFOPLIST_KEY_UISupportedInterfaceOrientations_iPad = "UIInterfaceOrientationPortrait UIInterfaceOrientationPortraitUpsideDown UIInterfaceOrientationLandscapeLeft UIInterfaceOrientationLandscapeRight";
				INFOPLIST_KEY_UISupportedInterfaceOrientations_iPhone = "UIInterfaceOrientationPortrait UIInterfaceOrientationLandscapeLeft UIInterfaceOrientationLandscapeRight";
				LD_RUNPATH_SEARCH_PATHS = (
					"$(inherited)",
					"@executable_path/Frameworks",
				);
				MARKETING_VERSION = 1.0;
				PRODUCT_BUNDLE_IDENTIFIER = ITI.Chat;
				PRODUCT_NAME = "$(TARGET_NAME)";
				SWIFT_EMIT_LOC_STRINGS = YES;
				SWIFT_VERSION = 5.0;
				TARGETED_DEVICE_FAMILY = "1,2";
			};
			name = Debug;
		};
		046DBF5E2C4AEA6A0041B0C4 /* Release */ = {
			isa = XCBuildConfiguration;
			buildSettings = {
				ASSETCATALOG_COMPILER_APPICON_NAME = AppIcon;
				ASSETCATALOG_COMPILER_GLOBAL_ACCENT_COLOR_NAME = AccentColor;
				CODE_SIGN_STYLE = Automatic;
				CURRENT_PROJECT_VERSION = 1;
				GENERATE_INFOPLIST_FILE = YES;
				INFOPLIST_FILE = Chat/Info.plist;
				INFOPLIST_KEY_UIApplicationSupportsIndirectInputEvents = YES;
				INFOPLIST_KEY_UILaunchStoryboardName = LaunchScreen;
				INFOPLIST_KEY_UIMainStoryboardFile = Main;
				INFOPLIST_KEY_UISupportedInterfaceOrientations_iPad = "UIInterfaceOrientationPortrait UIInterfaceOrientationPortraitUpsideDown UIInterfaceOrientationLandscapeLeft UIInterfaceOrientationLandscapeRight";
				INFOPLIST_KEY_UISupportedInterfaceOrientations_iPhone = "UIInterfaceOrientationPortrait UIInterfaceOrientationLandscapeLeft UIInterfaceOrientationLandscapeRight";
				LD_RUNPATH_SEARCH_PATHS = (
					"$(inherited)",
					"@executable_path/Frameworks",
				);
				MARKETING_VERSION = 1.0;
				PRODUCT_BUNDLE_IDENTIFIER = ITI.Chat;
				PRODUCT_NAME = "$(TARGET_NAME)";
				SWIFT_EMIT_LOC_STRINGS = YES;
				SWIFT_VERSION = 5.0;
				TARGETED_DEVICE_FAMILY = "1,2";
			};
			name = Release;
		};
		046DBF602C4AEA6A0041B0C4 /* Debug */ = {
			isa = XCBuildConfiguration;
			buildSettings = {
				ALWAYS_EMBED_SWIFT_STANDARD_LIBRARIES = YES;
				BUNDLE_LOADER = "$(TEST_HOST)";
				CODE_SIGN_STYLE = Automatic;
				CURRENT_PROJECT_VERSION = 1;
				GENERATE_INFOPLIST_FILE = YES;
				IPHONEOS_DEPLOYMENT_TARGET = 17.4;
				MARKETING_VERSION = 1.0;
				PRODUCT_BUNDLE_IDENTIFIER = ITI.ChatTests;
				PRODUCT_NAME = "$(TARGET_NAME)";
				SWIFT_EMIT_LOC_STRINGS = NO;
				SWIFT_VERSION = 5.0;
				TARGETED_DEVICE_FAMILY = "1,2";
				TEST_HOST = "$(BUILT_PRODUCTS_DIR)/Chat.app/$(BUNDLE_EXECUTABLE_FOLDER_PATH)/Chat";
			};
			name = Debug;
		};
		046DBF612C4AEA6A0041B0C4 /* Release */ = {
			isa = XCBuildConfiguration;
			buildSettings = {
				ALWAYS_EMBED_SWIFT_STANDARD_LIBRARIES = YES;
				BUNDLE_LOADER = "$(TEST_HOST)";
				CODE_SIGN_STYLE = Automatic;
				CURRENT_PROJECT_VERSION = 1;
				GENERATE_INFOPLIST_FILE = YES;
				IPHONEOS_DEPLOYMENT_TARGET = 17.4;
				MARKETING_VERSION = 1.0;
				PRODUCT_BUNDLE_IDENTIFIER = ITI.ChatTests;
				PRODUCT_NAME = "$(TARGET_NAME)";
				SWIFT_EMIT_LOC_STRINGS = NO;
				SWIFT_VERSION = 5.0;
				TARGETED_DEVICE_FAMILY = "1,2";
				TEST_HOST = "$(BUILT_PRODUCTS_DIR)/Chat.app/$(BUNDLE_EXECUTABLE_FOLDER_PATH)/Chat";
			};
			name = Release;
		};
		046DBF632C4AEA6A0041B0C4 /* Debug */ = {
			isa = XCBuildConfiguration;
			buildSettings = {
				ALWAYS_EMBED_SWIFT_STANDARD_LIBRARIES = YES;
				CODE_SIGN_STYLE = Automatic;
				CURRENT_PROJECT_VERSION = 1;
				GENERATE_INFOPLIST_FILE = YES;
				MARKETING_VERSION = 1.0;
				PRODUCT_BUNDLE_IDENTIFIER = ITI.ChatUITests;
				PRODUCT_NAME = "$(TARGET_NAME)";
				SWIFT_EMIT_LOC_STRINGS = NO;
				SWIFT_VERSION = 5.0;
				TARGETED_DEVICE_FAMILY = "1,2";
				TEST_TARGET_NAME = Chat;
			};
			name = Debug;
		};
		046DBF642C4AEA6A0041B0C4 /* Release */ = {
			isa = XCBuildConfiguration;
			buildSettings = {
				ALWAYS_EMBED_SWIFT_STANDARD_LIBRARIES = YES;
				CODE_SIGN_STYLE = Automatic;
				CURRENT_PROJECT_VERSION = 1;
				GENERATE_INFOPLIST_FILE = YES;
				MARKETING_VERSION = 1.0;
				PRODUCT_BUNDLE_IDENTIFIER = ITI.ChatUITests;
				PRODUCT_NAME = "$(TARGET_NAME)";
				SWIFT_EMIT_LOC_STRINGS = NO;
				SWIFT_VERSION = 5.0;
				TARGETED_DEVICE_FAMILY = "1,2";
				TEST_TARGET_NAME = Chat;
			};
			name = Release;
		};
/* End XCBuildConfiguration section */

/* Begin XCConfigurationList section */
		046DBF2A2C4AEA670041B0C4 /* Build configuration list for PBXProject "Chat" */ = {
			isa = XCConfigurationList;
			buildConfigurations = (
				046DBF5A2C4AEA6A0041B0C4 /* Debug */,
				046DBF5B2C4AEA6A0041B0C4 /* Release */,
			);
			defaultConfigurationIsVisible = 0;
			defaultConfigurationName = Release;
		};
		046DBF5C2C4AEA6A0041B0C4 /* Build configuration list for PBXNativeTarget "Chat" */ = {
			isa = XCConfigurationList;
			buildConfigurations = (
				046DBF5D2C4AEA6A0041B0C4 /* Debug */,
				046DBF5E2C4AEA6A0041B0C4 /* Release */,
			);
			defaultConfigurationIsVisible = 0;
			defaultConfigurationName = Release;
		};
		046DBF5F2C4AEA6A0041B0C4 /* Build configuration list for PBXNativeTarget "ChatTests" */ = {
			isa = XCConfigurationList;
			buildConfigurations = (
				046DBF602C4AEA6A0041B0C4 /* Debug */,
				046DBF612C4AEA6A0041B0C4 /* Release */,
			);
			defaultConfigurationIsVisible = 0;
			defaultConfigurationName = Release;
		};
		046DBF622C4AEA6A0041B0C4 /* Build configuration list for PBXNativeTarget "ChatUITests" */ = {
			isa = XCConfigurationList;
			buildConfigurations = (
				046DBF632C4AEA6A0041B0C4 /* Debug */,
				046DBF642C4AEA6A0041B0C4 /* Release */,
			);
			defaultConfigurationIsVisible = 0;
			defaultConfigurationName = Release;
		};
/* End XCConfigurationList section */

/* Begin XCVersionGroup section */
		046DBF3B2C4AEA670041B0C4 /* Chat.xcdatamodeld */ = {
			isa = XCVersionGroup;
			children = (
				046DBF3C2C4AEA670041B0C4 /* Chat.xcdatamodel */,
			);
			currentVersion = 046DBF3C2C4AEA670041B0C4 /* Chat.xcdatamodel */;
			path = Chat.xcdatamodeld;
			sourceTree = "<group>";
			versionGroupType = wrapper.xcdatamodel;
		};
/* End XCVersionGroup section */
	};
	rootObject = 046DBF272C4AEA670041B0C4 /* Project object */;
}
